
Microsoft Visual Studio Solution File, Format Version 12.00
Project("{2150E333-8FDC-42A3-9474-1A3956D46DE8}") = "src", "src", "{A7BB00F9-A538-4CA7-86A2-9B7CF33F40C2}"
EndProject
Project("{2150E333-8FDC-42A3-9474-1A3956D46DE8}") = "services", "services", "{C0447FF1-55E1-4C34-A8D1-FCD33279B6E4}"
EndProject
Project("{2150E333-8FDC-42A3-9474-1A3956D46DE8}") = "catalog", "catalog", "{07E34D1A-698C-45F5-9A75-6F7DDC62720D}"
EndProject
Project("{FAE04EC0-301F-11D3-BF4B-00C04F79EFBC}") = "Microservice.Catalog.API", "Microservice.Catalog.API\Microservice.Catalog.API.csproj", "{9BDE0699-21DE-475B-A035-ED07A746027E}"
EndProject
Project("{2150E333-8FDC-42A3-9474-1A3956D46DE8}") = "Solution Items", "Solution Items", "{C04CDE05-A025-4B43-A7FB-31271F6340DE}"
	ProjectSection(SolutionItems) = preProject
		docker-compose.yml = docker-compose.yml
		.env = .env
	EndProjectSection
EndProject
Project("{2150E333-8FDC-42A3-9474-1A3956D46DE8}") = "shared", "shared", "{37A49734-8DAF-45D0-93C8-31C1C1E7B6DD}"
EndProject
Project("{FAE04EC0-301F-11D3-BF4B-00C04F79EFBC}") = "Microservice.Shared", "Microservice.Shared\Microservice.Shared.csproj", "{B194BF88-D327-497D-9FA3-CBD6DC8872D1}"
EndProject
Project("{2150E333-8FDC-42A3-9474-1A3956D46DE8}") = "basket", "basket", "{06D8B6E9-5065-4415-BFEF-A157B0D15F4E}"
EndProject
Project("{FAE04EC0-301F-11D3-BF4B-00C04F79EFBC}") = "Microservice.Basket.API", "Microservice.Basket.API\Microservice.Basket.API.csproj", "{FAA51A55-657C-43D9-A427-8450F36DE142}"
EndProject
Project("{2150E333-8FDC-42A3-9474-1A3956D46DE8}") = "discount", "discount", "{D77549F6-32F0-4B48-A4A1-E63B1B025E2E}"
EndProject
Project("{FAE04EC0-301F-11D3-BF4B-00C04F79EFBC}") = "Microservice.Discount.API", "Microservice.Discount.API\Microservice.Discount.API.csproj", "{D01194CB-293C-469C-9A0D-623745D3AA09}"
EndProject
Project("{2150E333-8FDC-42A3-9474-1A3956D46DE8}") = "file", "file", "{29036B7A-4193-4D70-9405-FB44E7AAE620}"
EndProject
Project("{FAE04EC0-301F-11D3-BF4B-00C04F79EFBC}") = "Microservice.File.API", "Microservice.File.API\Microservice.File.API.csproj", "{16A2420C-724E-4246-BF11-6D8CCFF82081}"
EndProject
Project("{2150E333-8FDC-42A3-9474-1A3956D46DE8}") = "order", "order", "{C1DD108E-F6B4-4132-8288-496E608D5B7C}"
EndProject
Project("{2150E333-8FDC-42A3-9474-1A3956D46DE8}") = "api", "api", "{5074BA3F-3F6E-46D5-B7ED-4C71B6CEB4D2}"
EndProject
Project("{2150E333-8FDC-42A3-9474-1A3956D46DE8}") = "core", "core", "{CBA9F951-8B40-4402-8D91-8CF0A2BF6846}"
EndProject
Project("{2150E333-8FDC-42A3-9474-1A3956D46DE8}") = "infrastructure", "infrastructure", "{EE01F122-4CA9-4343-BEAF-CBEDC52E005D}"
EndProject
Project("{FAE04EC0-301F-11D3-BF4B-00C04F79EFBC}") = "Microservice.Order.API", "Microservice.Order.API\Microservice.Order.API.csproj", "{F45D71D3-9295-43EC-A20B-283139441C2A}"
EndProject
Project("{FAE04EC0-301F-11D3-BF4B-00C04F79EFBC}") = "Microservice.Order.Domain", "Microservice.Order.Domain\Microservice.Order.Domain.csproj", "{CF9EDA64-6BF0-45DA-BDD4-FABDD247B5A0}"
EndProject
Project("{FAE04EC0-301F-11D3-BF4B-00C04F79EFBC}") = "Microservice.Order.Application", "Microservice.Order.Application\Microservice.Order.Application.csproj", "{4FA7F54D-1E6C-45FB-951F-11961B53BB88}"
EndProject
Project("{FAE04EC0-301F-11D3-BF4B-00C04F79EFBC}") = "Microservice.Order.Persistance", "Microservice.Order.Persistance\Microservice.Order.Persistance.csproj", "{8DC8930B-8B1F-4CCE-A939-26F3966F9879}"
EndProject
Project("{2150E333-8FDC-42A3-9474-1A3956D46DE8}") = "payment", "payment", "{940E1164-06E5-4513-A0BF-15F8EBC5B46C}"
EndProject
Project("{FAE04EC0-301F-11D3-BF4B-00C04F79EFBC}") = "Microservice.Payment.API", "Microservice.Payment.API\Microservice.Payment.API.csproj", "{53BA7AFE-310D-40FA-97FF-265B44E960DC}"
EndProject
Project("{2150E333-8FDC-42A3-9474-1A3956D46DE8}") = "gateway", "gateway", "{95B3D46E-5540-4AA3-ACE9-1753C29AC01C}"
EndProject
Project("{FAE04EC0-301F-11D3-BF4B-00C04F79EFBC}") = "Microservice.Gateway", "Microservice.Gateway\Microservice.Gateway.csproj", "{924A59BE-C5D9-4E00-AD85-62F3D8336E11}"
EndProject
Global
	GlobalSection(SolutionConfigurationPlatforms) = preSolution
		Debug|Any CPU = Debug|Any CPU
		Release|Any CPU = Release|Any CPU
	EndGlobalSection
	GlobalSection(NestedProjects) = preSolution
		{C0447FF1-55E1-4C34-A8D1-FCD33279B6E4} = {A7BB00F9-A538-4CA7-86A2-9B7CF33F40C2}
		{07E34D1A-698C-45F5-9A75-6F7DDC62720D} = {C0447FF1-55E1-4C34-A8D1-FCD33279B6E4}
		{9BDE0699-21DE-475B-A035-ED07A746027E} = {07E34D1A-698C-45F5-9A75-6F7DDC62720D}
		{37A49734-8DAF-45D0-93C8-31C1C1E7B6DD} = {A7BB00F9-A538-4CA7-86A2-9B7CF33F40C2}
		{B194BF88-D327-497D-9FA3-CBD6DC8872D1} = {37A49734-8DAF-45D0-93C8-31C1C1E7B6DD}
		{06D8B6E9-5065-4415-BFEF-A157B0D15F4E} = {C0447FF1-55E1-4C34-A8D1-FCD33279B6E4}
		{FAA51A55-657C-43D9-A427-8450F36DE142} = {06D8B6E9-5065-4415-BFEF-A157B0D15F4E}
		{D77549F6-32F0-4B48-A4A1-E63B1B025E2E} = {C0447FF1-55E1-4C34-A8D1-FCD33279B6E4}
		{D01194CB-293C-469C-9A0D-623745D3AA09} = {D77549F6-32F0-4B48-A4A1-E63B1B025E2E}
		{29036B7A-4193-4D70-9405-FB44E7AAE620} = {C0447FF1-55E1-4C34-A8D1-FCD33279B6E4}
		{16A2420C-724E-4246-BF11-6D8CCFF82081} = {29036B7A-4193-4D70-9405-FB44E7AAE620}
		{C1DD108E-F6B4-4132-8288-496E608D5B7C} = {C0447FF1-55E1-4C34-A8D1-FCD33279B6E4}
		{5074BA3F-3F6E-46D5-B7ED-4C71B6CEB4D2} = {C1DD108E-F6B4-4132-8288-496E608D5B7C}
		{CBA9F951-8B40-4402-8D91-8CF0A2BF6846} = {C1DD108E-F6B4-4132-8288-496E608D5B7C}
		{EE01F122-4CA9-4343-BEAF-CBEDC52E005D} = {C1DD108E-F6B4-4132-8288-496E608D5B7C}
		{F45D71D3-9295-43EC-A20B-283139441C2A} = {5074BA3F-3F6E-46D5-B7ED-4C71B6CEB4D2}
		{CF9EDA64-6BF0-45DA-BDD4-FABDD247B5A0} = {CBA9F951-8B40-4402-8D91-8CF0A2BF6846}
		{4FA7F54D-1E6C-45FB-951F-11961B53BB88} = {CBA9F951-8B40-4402-8D91-8CF0A2BF6846}
		{8DC8930B-8B1F-4CCE-A939-26F3966F9879} = {EE01F122-4CA9-4343-BEAF-CBEDC52E005D}
		{940E1164-06E5-4513-A0BF-15F8EBC5B46C} = {C0447FF1-55E1-4C34-A8D1-FCD33279B6E4}
		{53BA7AFE-310D-40FA-97FF-265B44E960DC} = {940E1164-06E5-4513-A0BF-15F8EBC5B46C}
		{95B3D46E-5540-4AA3-ACE9-1753C29AC01C} = {C0447FF1-55E1-4C34-A8D1-FCD33279B6E4}
		{924A59BE-C5D9-4E00-AD85-62F3D8336E11} = {95B3D46E-5540-4AA3-ACE9-1753C29AC01C}
	EndGlobalSection
	GlobalSection(ProjectConfigurationPlatforms) = postSolution
		{9BDE0699-21DE-475B-A035-ED07A746027E}.Debug|Any CPU.ActiveCfg = Debug|Any CPU
		{9BDE0699-21DE-475B-A035-ED07A746027E}.Debug|Any CPU.Build.0 = Debug|Any CPU
		{9BDE0699-21DE-475B-A035-ED07A746027E}.Release|Any CPU.ActiveCfg = Release|Any CPU
		{9BDE0699-21DE-475B-A035-ED07A746027E}.Release|Any CPU.Build.0 = Release|Any CPU
		{B194BF88-D327-497D-9FA3-CBD6DC8872D1}.Debug|Any CPU.ActiveCfg = Debug|Any CPU
		{B194BF88-D327-497D-9FA3-CBD6DC8872D1}.Debug|Any CPU.Build.0 = Debug|Any CPU
		{B194BF88-D327-497D-9FA3-CBD6DC8872D1}.Release|Any CPU.ActiveCfg = Release|Any CPU
		{B194BF88-D327-497D-9FA3-CBD6DC8872D1}.Release|Any CPU.Build.0 = Release|Any CPU
		{FAA51A55-657C-43D9-A427-8450F36DE142}.Debug|Any CPU.ActiveCfg = Debug|Any CPU
		{FAA51A55-657C-43D9-A427-8450F36DE142}.Debug|Any CPU.Build.0 = Debug|Any CPU
		{FAA51A55-657C-43D9-A427-8450F36DE142}.Release|Any CPU.ActiveCfg = Release|Any CPU
		{FAA51A55-657C-43D9-A427-8450F36DE142}.Release|Any CPU.Build.0 = Release|Any CPU
		{D01194CB-293C-469C-9A0D-623745D3AA09}.Debug|Any CPU.ActiveCfg = Debug|Any CPU
		{D01194CB-293C-469C-9A0D-623745D3AA09}.Debug|Any CPU.Build.0 = Debug|Any CPU
		{D01194CB-293C-469C-9A0D-623745D3AA09}.Release|Any CPU.ActiveCfg = Release|Any CPU
		{D01194CB-293C-469C-9A0D-623745D3AA09}.Release|Any CPU.Build.0 = Release|Any CPU
		{16A2420C-724E-4246-BF11-6D8CCFF82081}.Debug|Any CPU.ActiveCfg = Debug|Any CPU
		{16A2420C-724E-4246-BF11-6D8CCFF82081}.Debug|Any CPU.Build.0 = Debug|Any CPU
		{16A2420C-724E-4246-BF11-6D8CCFF82081}.Release|Any CPU.ActiveCfg = Release|Any CPU
		{16A2420C-724E-4246-BF11-6D8CCFF82081}.Release|Any CPU.Build.0 = Release|Any CPU
		{F45D71D3-9295-43EC-A20B-283139441C2A}.Debug|Any CPU.ActiveCfg = Debug|Any CPU
		{F45D71D3-9295-43EC-A20B-283139441C2A}.Debug|Any CPU.Build.0 = Debug|Any CPU
		{F45D71D3-9295-43EC-A20B-283139441C2A}.Release|Any CPU.ActiveCfg = Release|Any CPU
		{F45D71D3-9295-43EC-A20B-283139441C2A}.Release|Any CPU.Build.0 = Release|Any CPU
		{CF9EDA64-6BF0-45DA-BDD4-FABDD247B5A0}.Debug|Any CPU.ActiveCfg = Debug|Any CPU
		{CF9EDA64-6BF0-45DA-BDD4-FABDD247B5A0}.Debug|Any CPU.Build.0 = Debug|Any CPU
		{CF9EDA64-6BF0-45DA-BDD4-FABDD247B5A0}.Release|Any CPU.ActiveCfg = Release|Any CPU
		{CF9EDA64-6BF0-45DA-BDD4-FABDD247B5A0}.Release|Any CPU.Build.0 = Release|Any CPU
		{4FA7F54D-1E6C-45FB-951F-11961B53BB88}.Debug|Any CPU.ActiveCfg = Debug|Any CPU
		{4FA7F54D-1E6C-45FB-951F-11961B53BB88}.Debug|Any CPU.Build.0 = Debug|Any CPU
		{4FA7F54D-1E6C-45FB-951F-11961B53BB88}.Release|Any CPU.ActiveCfg = Release|Any CPU
		{4FA7F54D-1E6C-45FB-951F-11961B53BB88}.Release|Any CPU.Build.0 = Release|Any CPU
		{8DC8930B-8B1F-4CCE-A939-26F3966F9879}.Debug|Any CPU.ActiveCfg = Debug|Any CPU
		{8DC8930B-8B1F-4CCE-A939-26F3966F9879}.Debug|Any CPU.Build.0 = Debug|Any CPU
		{8DC8930B-8B1F-4CCE-A939-26F3966F9879}.Release|Any CPU.ActiveCfg = Release|Any CPU
		{8DC8930B-8B1F-4CCE-A939-26F3966F9879}.Release|Any CPU.Build.0 = Release|Any CPU
		{53BA7AFE-310D-40FA-97FF-265B44E960DC}.Debug|Any CPU.ActiveCfg = Debug|Any CPU
		{53BA7AFE-310D-40FA-97FF-265B44E960DC}.Debug|Any CPU.Build.0 = Debug|Any CPU
		{53BA7AFE-310D-40FA-97FF-265B44E960DC}.Release|Any CPU.ActiveCfg = Release|Any CPU
		{53BA7AFE-310D-40FA-97FF-265B44E960DC}.Release|Any CPU.Build.0 = Release|Any CPU
		{924A59BE-C5D9-4E00-AD85-62F3D8336E11}.Debug|Any CPU.ActiveCfg = Debug|Any CPU
		{924A59BE-C5D9-4E00-AD85-62F3D8336E11}.Debug|Any CPU.Build.0 = Debug|Any CPU
		{924A59BE-C5D9-4E00-AD85-62F3D8336E11}.Release|Any CPU.ActiveCfg = Release|Any CPU
		{924A59BE-C5D9-4E00-AD85-62F3D8336E11}.Release|Any CPU.Build.0 = Release|Any CPU
	EndGlobalSection
EndGlobal
