
Microsoft Visual Studio Solution File, Format Version 12.00
Project("{2150E333-8FDC-42A3-9474-1A3956D46DE8}") = "src", "src", "{A7BB00F9-A538-4CA7-86A2-9B7CF33F40C2}"
EndProject
Project("{2150E333-8FDC-42A3-9474-1A3956D46DE8}") = "services", "services", "{C0447FF1-55E1-4C34-A8D1-FCD33279B6E4}"
EndProject
Project("{2150E333-8FDC-42A3-9474-1A3956D46DE8}") = "catalog", "catalog", "{07E34D1A-698C-45F5-9A75-6F7DDC62720D}"
EndProject
Project("{FAE04EC0-301F-11D3-BF4B-00C04F79EFBC}") = "Microservice.Catalog.API", "Microservice.Catalog.API\Microservice.Catalog.API.csproj", "{9BDE0699-21DE-475B-A035-ED07A746027E}"
EndProject
Project("{2150E333-8FDC-42A3-9474-1A3956D46DE8}") = "Solution Items", "Solution Items", "{C04CDE05-A025-4B43-A7FB-31271F6340DE}"
	ProjectSection(SolutionItems) = preProject
		docker-compose.yml = docker-compose.yml
		.env = .env
	EndProjectSection
EndProject
Project("{2150E333-8FDC-42A3-9474-1A3956D46DE8}") = "shared", "shared", "{37A49734-8DAF-45D0-93C8-31C1C1E7B6DD}"
EndProject
Project("{FAE04EC0-301F-11D3-BF4B-00C04F79EFBC}") = "Microservice.Shared", "Microservice.Shared\Microservice.Shared.csproj", "{B194BF88-D327-497D-9FA3-CBD6DC8872D1}"
EndProject
Global
	GlobalSection(SolutionConfigurationPlatforms) = preSolution
		Debug|Any CPU = Debug|Any CPU
		Release|Any CPU = Release|Any CPU
	EndGlobalSection
	GlobalSection(NestedProjects) = preSolution
		{C0447FF1-55E1-4C34-A8D1-FCD33279B6E4} = {A7BB00F9-A538-4CA7-86A2-9B7CF33F40C2}
		{07E34D1A-698C-45F5-9A75-6F7DDC62720D} = {C0447FF1-55E1-4C34-A8D1-FCD33279B6E4}
		{9BDE0699-21DE-475B-A035-ED07A746027E} = {07E34D1A-698C-45F5-9A75-6F7DDC62720D}
		{37A49734-8DAF-45D0-93C8-31C1C1E7B6DD} = {A7BB00F9-A538-4CA7-86A2-9B7CF33F40C2}
		{B194BF88-D327-497D-9FA3-CBD6DC8872D1} = {37A49734-8DAF-45D0-93C8-31C1C1E7B6DD}
	EndGlobalSection
	GlobalSection(ProjectConfigurationPlatforms) = postSolution
		{9BDE0699-21DE-475B-A035-ED07A746027E}.Debug|Any CPU.ActiveCfg = Debug|Any CPU
		{9BDE0699-21DE-475B-A035-ED07A746027E}.Debug|Any CPU.Build.0 = Debug|Any CPU
		{9BDE0699-21DE-475B-A035-ED07A746027E}.Release|Any CPU.ActiveCfg = Release|Any CPU
		{9BDE0699-21DE-475B-A035-ED07A746027E}.Release|Any CPU.Build.0 = Release|Any CPU
		{B194BF88-D327-497D-9FA3-CBD6DC8872D1}.Debug|Any CPU.ActiveCfg = Debug|Any CPU
		{B194BF88-D327-497D-9FA3-CBD6DC8872D1}.Debug|Any CPU.Build.0 = Debug|Any CPU
		{B194BF88-D327-497D-9FA3-CBD6DC8872D1}.Release|Any CPU.ActiveCfg = Release|Any CPU
		{B194BF88-D327-497D-9FA3-CBD6DC8872D1}.Release|Any CPU.Build.0 = Release|Any CPU
	EndGlobalSection
EndGlobal
